
Microsoft Visual Studio Solution File, Format Version 12.00
# Visual Studio Version 17
VisualStudioVersion = 17.5.002.0
MinimumVisualStudioVersion = 10.0.40219.1
Project("{9A19103F-16F7-4668-BE54-9A1E7A4F7556}") = "kids with the greatest number of candies", "kids with the greatest number of candies.csproj", "{F11FB224-B34B-44EE-A96B-1E2F1B019DAB}"
EndProject
Global
	GlobalSection(SolutionConfigurationPlatforms) = preSolution
		Debug|Any CPU = Debug|Any CPU
		Release|Any CPU = Release|Any CPU
	EndGlobalSection
	GlobalSection(ProjectConfigurationPlatforms) = postSolution
		{F11FB224-B34B-44EE-A96B-1E2F1B019DAB}.Debug|Any CPU.ActiveCfg = Debug|Any CPU
		{F11FB224-B34B-44EE-A96B-1E2F1B019DAB}.Debug|Any CPU.Build.0 = Debug|Any CPU
		{F11FB224-B34B-44EE-A96B-1E2F1B019DAB}.Release|Any CPU.ActiveCfg = Release|Any CPU
		{F11FB224-B34B-44EE-A96B-1E2F1B019DAB}.Release|Any CPU.Build.0 = Release|Any CPU
	EndGlobalSection
	GlobalSection(SolutionProperties) = preSolution
		HideSolutionNode = FALSE
	EndGlobalSection
	GlobalSection(ExtensibilityGlobals) = postSolution
		SolutionGuid = {B1D1C301-EB79-4364-8026-DD21491C2434}
	EndGlobalSection
EndGlobal
